{
  "requires": true,
  "lockfileVersion": 1,
  "dependencies": {
    "math": {
      "version": "0.0.3",
      "resolved": "https://registry.npmjs.org/math/-/math-0.0.3.tgz",
      "integrity": "sha512-xyNJxsEwpYBabFmCgwg7TFRljf5oGgV2h1TqP0H9RnykScaSKgoVlBaEz+Gov8NOdxFagoTzRg1aEBfayi8qQQ=="
    }
  }
}
